
Microsoft Visual Studio Solution File, Format Version 12.00
# Visual Studio Version 16
VisualStudioVersion = 16.0.30509.190
MinimumVisualStudioVersion = 10.0.40219.1
Project("{FAE04EC0-301F-11D3-BF4B-00C04F79EFBC}") = "GoalsToday.Server", "GoalsToday\Server\GoalsToday.Server.csproj", "{3FA0FD1F-C8AF-49DD-A27F-2C0A0BECB136}"
EndProject
Project("{FAE04EC0-301F-11D3-BF4B-00C04F79EFBC}") = "GoalsToday.Client", "GoalsToday\Client\GoalsToday.Client.csproj", "{31CF1442-EC9A-4136-9513-C30A0E7CD76D}"
EndProject
Project("{FAE04EC0-301F-11D3-BF4B-00C04F79EFBC}") = "GoalsToday.Shared", "GoalsToday\Shared\GoalsToday.Shared.csproj", "{043C3856-5EB4-4D62-B517-2F0DC31E4AA4}"
EndProject
Global
	GlobalSection(SolutionConfigurationPlatforms) = preSolution
		Debug|Any CPU = Debug|Any CPU
		Release|Any CPU = Release|Any CPU
	EndGlobalSection
	GlobalSection(ProjectConfigurationPlatforms) = postSolution
		{3FA0FD1F-C8AF-49DD-A27F-2C0A0BECB136}.Debug|Any CPU.ActiveCfg = Debug|Any CPU
		{3FA0FD1F-C8AF-49DD-A27F-2C0A0BECB136}.Debug|Any CPU.Build.0 = Debug|Any CPU
		{3FA0FD1F-C8AF-49DD-A27F-2C0A0BECB136}.Release|Any CPU.ActiveCfg = Release|Any CPU
		{3FA0FD1F-C8AF-49DD-A27F-2C0A0BECB136}.Release|Any CPU.Build.0 = Release|Any CPU
		{31CF1442-EC9A-4136-9513-C30A0E7CD76D}.Debug|Any CPU.ActiveCfg = Debug|Any CPU
		{31CF1442-EC9A-4136-9513-C30A0E7CD76D}.Debug|Any CPU.Build.0 = Debug|Any CPU
		{31CF1442-EC9A-4136-9513-C30A0E7CD76D}.Release|Any CPU.ActiveCfg = Release|Any CPU
		{31CF1442-EC9A-4136-9513-C30A0E7CD76D}.Release|Any CPU.Build.0 = Release|Any CPU
		{043C3856-5EB4-4D62-B517-2F0DC31E4AA4}.Debug|Any CPU.ActiveCfg = Debug|Any CPU
		{043C3856-5EB4-4D62-B517-2F0DC31E4AA4}.Debug|Any CPU.Build.0 = Debug|Any CPU
		{043C3856-5EB4-4D62-B517-2F0DC31E4AA4}.Release|Any CPU.ActiveCfg = Release|Any CPU
		{043C3856-5EB4-4D62-B517-2F0DC31E4AA4}.Release|Any CPU.Build.0 = Release|Any CPU
	EndGlobalSection
	GlobalSection(SolutionProperties) = preSolution
		HideSolutionNode = FALSE
	EndGlobalSection
	GlobalSection(ExtensibilityGlobals) = postSolution
		SolutionGuid = {AB764324-E96D-4191-B95E-4CDBA207DD88}
	EndGlobalSection
EndGlobal
